
Microsoft Visual Studio Solution File, Format Version 12.00
# Visual Studio Version 17
VisualStudioVersion = 17.1.32127.271
MinimumVisualStudioVersion = 10.0.40219.1
Project("{9A19103F-16F7-4668-BE54-9A1E7A4F7556}") = "KafkaParallelConsumer", "KafkaParallelConsumer.csproj", "{ED8F2164-0493-4A2C-884C-F170AF0923E3}"
EndProject
Global
	GlobalSection(SolutionConfigurationPlatforms) = preSolution
		Debug|Any CPU = Debug|Any CPU
		Release|Any CPU = Release|Any CPU
	EndGlobalSection
	GlobalSection(ProjectConfigurationPlatforms) = postSolution
		{ED8F2164-0493-4A2C-884C-F170AF0923E3}.Debug|Any CPU.ActiveCfg = Debug|Any CPU
		{ED8F2164-0493-4A2C-884C-F170AF0923E3}.Debug|Any CPU.Build.0 = Debug|Any CPU
		{ED8F2164-0493-4A2C-884C-F170AF0923E3}.Release|Any CPU.ActiveCfg = Release|Any CPU
		{ED8F2164-0493-4A2C-884C-F170AF0923E3}.Release|Any CPU.Build.0 = Release|Any CPU
	EndGlobalSection
	GlobalSection(SolutionProperties) = preSolution
		HideSolutionNode = FALSE
	EndGlobalSection
	GlobalSection(ExtensibilityGlobals) = postSolution
		SolutionGuid = {424B5D29-D9AF-47AF-BF40-9F32F51E5A9D}
	EndGlobalSection
EndGlobal
